
Microsoft Visual Studio Solution File, Format Version 12.00
# Visual Studio 15
VisualStudioVersion = 15.0.28010.2026
MinimumVisualStudioVersion = 10.0.40219.1
Project("{FAE04EC0-301F-11D3-BF4B-00C04F79EFBC}") = "Ch12Ex01", "Ch12Ex01.csproj", "{2AC1A4F5-4500-4B64-B2F9-FFFA1D74762C}"
EndProject
Global
	GlobalSection(SolutionConfigurationPlatforms) = preSolution
		Debug|Any CPU = Debug|Any CPU
		Release|Any CPU = Release|Any CPU
	EndGlobalSection
	GlobalSection(ProjectConfigurationPlatforms) = postSolution
		{2AC1A4F5-4500-4B64-B2F9-FFFA1D74762C}.Debug|Any CPU.ActiveCfg = Debug|Any CPU
		{2AC1A4F5-4500-4B64-B2F9-FFFA1D74762C}.Debug|Any CPU.Build.0 = Debug|Any CPU
		{2AC1A4F5-4500-4B64-B2F9-FFFA1D74762C}.Release|Any CPU.ActiveCfg = Release|Any CPU
		{2AC1A4F5-4500-4B64-B2F9-FFFA1D74762C}.Release|Any CPU.Build.0 = Release|Any CPU
	EndGlobalSection
	GlobalSection(SolutionProperties) = preSolution
		HideSolutionNode = FALSE
	EndGlobalSection
	GlobalSection(ExtensibilityGlobals) = postSolution
		SolutionGuid = {9DDFEA13-DB6E-44CF-85ED-CBE773E33083}
	EndGlobalSection
EndGlobal
