
Microsoft Visual Studio Solution File, Format Version 12.00
# Visual Studio 15
VisualStudioVersion = 15.0.28010.2016
MinimumVisualStudioVersion = 10.0.40219.1
Project("{FAE04EC0-301F-11D3-BF4B-00C04F79EFBC}") = "Chap09Ex02", "Chap09Ex02.csproj", "{1C34A12C-B507-4F13-B5D8-50242B024FBA}"
EndProject
Global
	GlobalSection(SolutionConfigurationPlatforms) = preSolution
		Debug|Any CPU = Debug|Any CPU
		Release|Any CPU = Release|Any CPU
	EndGlobalSection
	GlobalSection(ProjectConfigurationPlatforms) = postSolution
		{1C34A12C-B507-4F13-B5D8-50242B024FBA}.Debug|Any CPU.ActiveCfg = Debug|Any CPU
		{1C34A12C-B507-4F13-B5D8-50242B024FBA}.Debug|Any CPU.Build.0 = Debug|Any CPU
		{1C34A12C-B507-4F13-B5D8-50242B024FBA}.Release|Any CPU.ActiveCfg = Release|Any CPU
		{1C34A12C-B507-4F13-B5D8-50242B024FBA}.Release|Any CPU.Build.0 = Release|Any CPU
	EndGlobalSection
	GlobalSection(SolutionProperties) = preSolution
		HideSolutionNode = FALSE
	EndGlobalSection
	GlobalSection(ExtensibilityGlobals) = postSolution
		SolutionGuid = {BE529547-B6FC-44E5-BEAD-5F960CD04A65}
	EndGlobalSection
EndGlobal
