
Microsoft Visual Studio Solution File, Format Version 12.00
# Visual Studio 15
VisualStudioVersion = 15.0.28010.2026
MinimumVisualStudioVersion = 10.0.40219.1
Project("{FAE04EC0-301F-11D3-BF4B-00C04F79EFBC}") = "Ch11Ex03", "Ch11Ex03.csproj", "{1B5DC200-2005-497C-AA0A-0922243750D5}"
EndProject
Global
	GlobalSection(SolutionConfigurationPlatforms) = preSolution
		Debug|Any CPU = Debug|Any CPU
		Release|Any CPU = Release|Any CPU
	EndGlobalSection
	GlobalSection(ProjectConfigurationPlatforms) = postSolution
		{1B5DC200-2005-497C-AA0A-0922243750D5}.Debug|Any CPU.ActiveCfg = Debug|Any CPU
		{1B5DC200-2005-497C-AA0A-0922243750D5}.Debug|Any CPU.Build.0 = Debug|Any CPU
		{1B5DC200-2005-497C-AA0A-0922243750D5}.Release|Any CPU.ActiveCfg = Release|Any CPU
		{1B5DC200-2005-497C-AA0A-0922243750D5}.Release|Any CPU.Build.0 = Release|Any CPU
	EndGlobalSection
	GlobalSection(SolutionProperties) = preSolution
		HideSolutionNode = FALSE
	EndGlobalSection
	GlobalSection(ExtensibilityGlobals) = postSolution
		SolutionGuid = {CCA00FDD-090A-43FC-B444-4996B4E89B08}
	EndGlobalSection
EndGlobal
