
Microsoft Visual Studio Solution File, Format Version 12.00
# Visual Studio 15
VisualStudioVersion = 15.0.28010.2016
MinimumVisualStudioVersion = 10.0.40219.1
Project("{FAE04EC0-301F-11D3-BF4B-00C04F79EFBC}") = "Ch07Ex01", "Ch07Ex01.csproj", "{7FE87A2F-793F-48A6-942C-776816960A34}"
EndProject
Global
	GlobalSection(SolutionConfigurationPlatforms) = preSolution
		Debug|Any CPU = Debug|Any CPU
		Release|Any CPU = Release|Any CPU
	EndGlobalSection
	GlobalSection(ProjectConfigurationPlatforms) = postSolution
		{7FE87A2F-793F-48A6-942C-776816960A34}.Debug|Any CPU.ActiveCfg = Debug|Any CPU
		{7FE87A2F-793F-48A6-942C-776816960A34}.Debug|Any CPU.Build.0 = Debug|Any CPU
		{7FE87A2F-793F-48A6-942C-776816960A34}.Release|Any CPU.ActiveCfg = Release|Any CPU
		{7FE87A2F-793F-48A6-942C-776816960A34}.Release|Any CPU.Build.0 = Release|Any CPU
	EndGlobalSection
	GlobalSection(SolutionProperties) = preSolution
		HideSolutionNode = FALSE
	EndGlobalSection
	GlobalSection(ExtensibilityGlobals) = postSolution
		SolutionGuid = {642AB4AD-E728-4E94-97E7-A4A8F882B1D7}
	EndGlobalSection
EndGlobal
